
Microsoft Visual Studio Solution File, Format Version 12.00
# Visual Studio Version 16
VisualStudioVersion = 16.0.29806.167
MinimumVisualStudioVersion = 10.0.40219.1
Project("{FAE04EC0-301F-11D3-BF4B-00C04F79EFBC}") = "OnlineMovieTicket", "OnlineMovieTicket\OnlineMovieTicket.csproj", "{4A038570-1C5C-4AF2-97EB-3A6E5C91E739}"
EndProject
Project("{FAE04EC0-301F-11D3-BF4B-00C04F79EFBC}") = "OnlineMovieTicket.Entity", "OnlineMovieTicket.Entity\OnlineMovieTicket.Entity.csproj", "{B01EF6F0-3052-415A-AAE2-F4E1054B4B1C}"
EndProject
Project("{FAE04EC0-301F-11D3-BF4B-00C04F79EFBC}") = "OnlineMovieTicket.DAL", "OnlineMovieTicket.Repository\OnlineMovieTicket.DAL.csproj", "{074FD18F-BA33-4D6C-8CE6-DDA82D354E62}"
EndProject
Project("{FAE04EC0-301F-11D3-BF4B-00C04F79EFBC}") = "OnlineMovieTicket.BL", "OnlineMocieTicket.BL\OnlineMovieTicket.BL.csproj", "{44254ACC-5453-42A8-8CDA-2AB92BCA9F34}"
EndProject
Global
	GlobalSection(SolutionConfigurationPlatforms) = preSolution
		Debug|Any CPU = Debug|Any CPU
		Release|Any CPU = Release|Any CPU
	EndGlobalSection
	GlobalSection(ProjectConfigurationPlatforms) = postSolution
		{4A038570-1C5C-4AF2-97EB-3A6E5C91E739}.Debug|Any CPU.ActiveCfg = Debug|Any CPU
		{4A038570-1C5C-4AF2-97EB-3A6E5C91E739}.Debug|Any CPU.Build.0 = Debug|Any CPU
		{4A038570-1C5C-4AF2-97EB-3A6E5C91E739}.Release|Any CPU.ActiveCfg = Release|Any CPU
		{4A038570-1C5C-4AF2-97EB-3A6E5C91E739}.Release|Any CPU.Build.0 = Release|Any CPU
		{B01EF6F0-3052-415A-AAE2-F4E1054B4B1C}.Debug|Any CPU.ActiveCfg = Debug|Any CPU
		{B01EF6F0-3052-415A-AAE2-F4E1054B4B1C}.Debug|Any CPU.Build.0 = Debug|Any CPU
		{B01EF6F0-3052-415A-AAE2-F4E1054B4B1C}.Release|Any CPU.ActiveCfg = Release|Any CPU
		{B01EF6F0-3052-415A-AAE2-F4E1054B4B1C}.Release|Any CPU.Build.0 = Release|Any CPU
		{074FD18F-BA33-4D6C-8CE6-DDA82D354E62}.Debug|Any CPU.ActiveCfg = Debug|Any CPU
		{074FD18F-BA33-4D6C-8CE6-DDA82D354E62}.Debug|Any CPU.Build.0 = Debug|Any CPU
		{074FD18F-BA33-4D6C-8CE6-DDA82D354E62}.Release|Any CPU.ActiveCfg = Release|Any CPU
		{074FD18F-BA33-4D6C-8CE6-DDA82D354E62}.Release|Any CPU.Build.0 = Release|Any CPU
		{44254ACC-5453-42A8-8CDA-2AB92BCA9F34}.Debug|Any CPU.ActiveCfg = Debug|Any CPU
		{44254ACC-5453-42A8-8CDA-2AB92BCA9F34}.Debug|Any CPU.Build.0 = Debug|Any CPU
		{44254ACC-5453-42A8-8CDA-2AB92BCA9F34}.Release|Any CPU.ActiveCfg = Release|Any CPU
		{44254ACC-5453-42A8-8CDA-2AB92BCA9F34}.Release|Any CPU.Build.0 = Release|Any CPU
	EndGlobalSection
	GlobalSection(SolutionProperties) = preSolution
		HideSolutionNode = FALSE
	EndGlobalSection
	GlobalSection(ExtensibilityGlobals) = postSolution
		SolutionGuid = {5601300D-EFA8-45F9-B89B-3991E320DDA7}
	EndGlobalSection
EndGlobal
